PODS:
  - Dropdowns (3.0.0)
  - PKHUD (5.2.1)
  - SDWebImage (5.0.2):
    - SDWebImage/Core (= 5.0.2)
  - SDWebImage/Core (5.0.2)

DEPENDENCIES:
  - Dropdowns
  - PKHUD (~> 5.0)
  - SDWebImage

SPEC REPOS:
  https://github.com/cocoapods/specs.git:
    - Dropdowns
    - PKHUD
    - SDWebImage

SPEC CHECKSUMS:
  Dropdowns: 25767b50a5d2f54a676ad22813c1a1f7d59c2ea0
  PKHUD: 4e6162c4c39ac367c6934e9855c6b4762ee16256
  SDWebImage: 6764b5fa0f73c203728052955dbefa2bf1f33282

PODFILE CHECKSUM: b461bd805f8ceba38f6afb8a27ebe904395da0c8

COCOAPODS: 1.6.1
